
Microsoft Visual Studio Solution File, Format Version 12.00
# Visual Studio 15
VisualStudioVersion = 15.0.26228.4
MinimumVisualStudioVersion = 10.0.40219.1
Project("{FAE04EC0-301F-11D3-BF4B-00C04F79EFBC}") = "JB2Common", "JB2Common\JB2Common.csproj", "{EF5BDC83-9C62-4AB5-AEE1-08BBC073610D}"
	ProjectSection(ProjectDependencies) = postProject
		{30AD61B4-340C-4BBB-88BD-B22D83E2B179} = {30AD61B4-340C-4BBB-88BD-B22D83E2B179}
	EndProjectSection
EndProject
Project("{FAE04EC0-301F-11D3-BF4B-00C04F79EFBC}") = "Common.Web", "Common.Web\Common.Web.csproj", "{4F44BFFB-6298-4EE2-AF0C-2600EB3B7479}"
EndProject
Project("{FAE04EC0-301F-11D3-BF4B-00C04F79EFBC}") = "JB2.Gravatar", "JB2.Gravatar\JB2.Gravatar.csproj", "{D6B5C3A2-27B1-4F02-BCAE-42364BD9C1B7}"
EndProject
Project("{FAE04EC0-301F-11D3-BF4B-00C04F79EFBC}") = "JB2.Common.Date", "JB2.Common.Date\JB2.Common.Date.csproj", "{3F3B616B-80F8-4CFD-9296-B8D677DEDBD9}"
EndProject
Project("{FAE04EC0-301F-11D3-BF4B-00C04F79EFBC}") = "JB2.Common.Data", "JB2.Common.Data\JB2.Common.Data.csproj", "{BED87119-B1C5-489D-AB31-5A78CF61C056}"
EndProject
Project("{FAE04EC0-301F-11D3-BF4B-00C04F79EFBC}") = "JB2.GoogleAnalytics", "JB2.GoogleAnalytics\JB2.GoogleAnalytics.csproj", "{7F4DCDB4-BE13-4BD9-9C9F-9959E3057E65}"
EndProject
Project("{FAE04EC0-301F-11D3-BF4B-00C04F79EFBC}") = "JB2.Common.Color", "JB2.Common.Color\JB2.Common.Color.csproj", "{38B96FB8-072F-48AC-99DD-E8910F6E36D9}"
EndProject
Project("{FAE04EC0-301F-11D3-BF4B-00C04F79EFBC}") = "JB2.Common.Data.AzureStorage", "JB2.Common.Data.AzureStorage\JB2.Common.Data.AzureStorage.csproj", "{AC8FDE4A-EA15-4FB8-A3B2-C759A4FADC7F}"
	ProjectSection(ProjectDependencies) = postProject
		{FDFCFAC8-8074-48DE-A2E1-B8471D087901} = {FDFCFAC8-8074-48DE-A2E1-B8471D087901}
	EndProjectSection
EndProject
Project("{FAE04EC0-301F-11D3-BF4B-00C04F79EFBC}") = "JB2.Common.Image", "JB2.Common.Image\JB2.Common.Image.csproj", "{49966C64-7A12-47CA-B746-7FC632DC7592}"
EndProject
Project("{FAE04EC0-301F-11D3-BF4B-00C04F79EFBC}") = "JB2.Helpers.FontHelper", "JB2.Common.Font\JB2.Helpers.FontHelper.csproj", "{30AD61B4-340C-4BBB-88BD-B22D83E2B179}"
	ProjectSection(ProjectDependencies) = postProject
		{FDFCFAC8-8074-48DE-A2E1-B8471D087901} = {FDFCFAC8-8074-48DE-A2E1-B8471D087901}
	EndProjectSection
EndProject
Project("{FAE04EC0-301F-11D3-BF4B-00C04F79EFBC}") = "ConsoleTest", "ConsoleTest\ConsoleTest.csproj", "{473AFBDE-5429-4F86-968D-FDAD073585ED}"
EndProject
Project("{FAE04EC0-301F-11D3-BF4B-00C04F79EFBC}") = "JB2.Common.Map", "JB2.Common.Map\JB2.Common.Map.csproj", "{9EDA2EB9-032A-4072-950E-D3BF1EB8BA4A}"
EndProject
Project("{FAE04EC0-301F-11D3-BF4B-00C04F79EFBC}") = "JB2.Common.Scheduler", "JB2.Common.Scheduler\JB2.Common.Scheduler.csproj", "{FB4FDDE0-8031-4220-B613-7A7E6D575B13}"
EndProject
Project("{FAE04EC0-301F-11D3-BF4B-00C04F79EFBC}") = "JB2.Common.Logger", "JB2.Common.Logger\JB2.Common.Logger.csproj", "{E1EA875A-2865-45EC-9296-B278F5815DA9}"
EndProject
Project("{FAE04EC0-301F-11D3-BF4B-00C04F79EFBC}") = "JB2.Common.Log.Elmah", "JB2.Common.Log.Elmah\JB2.Common.Log.Elmah.csproj", "{5FE22FD2-943C-4D58-AD84-568F21F1D6FC}"
EndProject
Project("{FAE04EC0-301F-11D3-BF4B-00C04F79EFBC}") = "JB2.Common.Log.AzureRepo", "JB2.Common.Log.AzureRepo\JB2.Common.Log.AzureRepo.csproj", "{304A01AA-5ACD-4228-8474-46590F50E4E2}"
EndProject
Project("{FAE04EC0-301F-11D3-BF4B-00C04F79EFBC}") = "JB2.Common.Core", "JB2.Common.Core\JB2.Common.Core.csproj", "{FDFCFAC8-8074-48DE-A2E1-B8471D087901}"
EndProject
Project("{FAE04EC0-301F-11D3-BF4B-00C04F79EFBC}") = "JB2.Common.Utility", "JB2.Common.Ultities\JB2.Common.Utility.csproj", "{B19984DC-E02F-4B64-9315-272060BF82EF}"
EndProject
Project("{FAE04EC0-301F-11D3-BF4B-00C04F79EFBC}") = "JB2.Common.Extensions", "JB2.Common.Extensions\JB2.Common.Extensions.csproj", "{41D4F132-2EB4-4575-8DEA-DFBC0D180073}"
EndProject
Project("{FAE04EC0-301F-11D3-BF4B-00C04F79EFBC}") = "JB2.Common.Data.AzureKeyVault", "JB2.Common.Data.AzureKeyVault\JB2.Common.Data.AzureKeyVault.csproj", "{F550EF5C-2A4C-409A-A770-3AEA8E161AA5}"
EndProject
Project("{FAE04EC0-301F-11D3-BF4B-00C04F79EFBC}") = "JB2.Common.WebAPI", "JB2.Common.WebAPI\JB2.Common.WebAPI.csproj", "{A0C0BF36-3529-4FF2-9D1C-34E6439B6587}"
EndProject
Project("{FAE04EC0-301F-11D3-BF4B-00C04F79EFBC}") = "JB2.Common.Message", "JB2.Common.Message\JB2.Common.Message.csproj", "{01A042A7-5430-4280-B86B-8C6D207B2AD6}"
EndProject
Project("{FAE04EC0-301F-11D3-BF4B-00C04F79EFBC}") = "JB2.Common.Game", "JB2.Common.Game\JB2.Common.Game.csproj", "{83A5F69F-68B2-43C2-85A4-031FB3AF6567}"
EndProject
Project("{FAE04EC0-301F-11D3-BF4B-00C04F79EFBC}") = "JB2.Common.StockMarket", "JB2.Common.StockMarket\JB2.Common.StockMarket.csproj", "{BA16C116-FA82-469B-9296-2040A4B7D9D7}"
EndProject
Project("{FAE04EC0-301F-11D3-BF4B-00C04F79EFBC}") = "JB2.Common.Logger.Net2", "Framework\Net 2.0\JB2.Common.Logger.Net2\JB2.Common.Logger.Net2.csproj", "{43C0CB5C-C27A-4327-9385-CFA421B6CE43}"
EndProject
Project("{FAE04EC0-301F-11D3-BF4B-00C04F79EFBC}") = "JB2.Common.Map.Net2", "Framework\Net 2.0\JB2.Common.Map.Net2\JB2.Common.Map.Net2.csproj", "{8ABC1EBF-F1F1-49E0-8034-18F64CFA988E}"
EndProject
Project("{FAE04EC0-301F-11D3-BF4B-00C04F79EFBC}") = "JB2.Common.Date.Net2", "JB2.Common.Date.Net2\JB2.Common.Date.Net2.csproj", "{48FDF1CA-28B2-403D-B308-17333FF519D6}"
EndProject
Project("{FAE04EC0-301F-11D3-BF4B-00C04F79EFBC}") = "JB2.Common.Image.Net2", "JB2.Common.Image.Net2\JB2.Common.Image.Net2.csproj", "{0D33BAE2-46AE-418E-9F3C-9BFAE1BC1BF2}"
EndProject
Project("{FAE04EC0-301F-11D3-BF4B-00C04F79EFBC}") = "JB2.Common.Serialization.Json", "JB2.Common.Serialization.Json\JB2.Common.Serialization.Json.csproj", "{D6785D1C-F41E-4117-A842-466FFA9F2913}"
EndProject
Project("{2150E333-8FDC-42A3-9474-1A3956D46DE8}") = "Net35", "Net35", "{118F1C2F-08AC-4DBE-8E84-77C4F894E3DD}"
EndProject
Project("{FAE04EC0-301F-11D3-BF4B-00C04F79EFBC}") = "JB2.Common.Core.Net35", "Framework\Net 2.0\JB2.Common\JB2.Common.Core\JB2.Common.Core.Net35.csproj", "{DFB5B63B-F413-4AC0-9480-36410D9735DA}"
EndProject
Global
	GlobalSection(SolutionConfigurationPlatforms) = preSolution
		Debug|Any CPU = Debug|Any CPU
		Release|Any CPU = Release|Any CPU
	EndGlobalSection
	GlobalSection(ProjectConfigurationPlatforms) = postSolution
		{EF5BDC83-9C62-4AB5-AEE1-08BBC073610D}.Debug|Any CPU.ActiveCfg = Debug|Any CPU
		{EF5BDC83-9C62-4AB5-AEE1-08BBC073610D}.Debug|Any CPU.Build.0 = Debug|Any CPU
		{EF5BDC83-9C62-4AB5-AEE1-08BBC073610D}.Release|Any CPU.ActiveCfg = Release|Any CPU
		{EF5BDC83-9C62-4AB5-AEE1-08BBC073610D}.Release|Any CPU.Build.0 = Release|Any CPU
		{4F44BFFB-6298-4EE2-AF0C-2600EB3B7479}.Debug|Any CPU.ActiveCfg = Debug|Any CPU
		{4F44BFFB-6298-4EE2-AF0C-2600EB3B7479}.Debug|Any CPU.Build.0 = Debug|Any CPU
		{4F44BFFB-6298-4EE2-AF0C-2600EB3B7479}.Release|Any CPU.ActiveCfg = Release|Any CPU
		{4F44BFFB-6298-4EE2-AF0C-2600EB3B7479}.Release|Any CPU.Build.0 = Release|Any CPU
		{D6B5C3A2-27B1-4F02-BCAE-42364BD9C1B7}.Debug|Any CPU.ActiveCfg = Debug|Any CPU
		{D6B5C3A2-27B1-4F02-BCAE-42364BD9C1B7}.Debug|Any CPU.Build.0 = Debug|Any CPU
		{D6B5C3A2-27B1-4F02-BCAE-42364BD9C1B7}.Release|Any CPU.ActiveCfg = Release|Any CPU
		{D6B5C3A2-27B1-4F02-BCAE-42364BD9C1B7}.Release|Any CPU.Build.0 = Release|Any CPU
		{3F3B616B-80F8-4CFD-9296-B8D677DEDBD9}.Debug|Any CPU.ActiveCfg = Debug|Any CPU
		{3F3B616B-80F8-4CFD-9296-B8D677DEDBD9}.Debug|Any CPU.Build.0 = Debug|Any CPU
		{3F3B616B-80F8-4CFD-9296-B8D677DEDBD9}.Release|Any CPU.ActiveCfg = Release|Any CPU
		{3F3B616B-80F8-4CFD-9296-B8D677DEDBD9}.Release|Any CPU.Build.0 = Release|Any CPU
		{BED87119-B1C5-489D-AB31-5A78CF61C056}.Debug|Any CPU.ActiveCfg = Debug|Any CPU
		{BED87119-B1C5-489D-AB31-5A78CF61C056}.Debug|Any CPU.Build.0 = Debug|Any CPU
		{BED87119-B1C5-489D-AB31-5A78CF61C056}.Release|Any CPU.ActiveCfg = Release|Any CPU
		{BED87119-B1C5-489D-AB31-5A78CF61C056}.Release|Any CPU.Build.0 = Release|Any CPU
		{7F4DCDB4-BE13-4BD9-9C9F-9959E3057E65}.Debug|Any CPU.ActiveCfg = Debug|Any CPU
		{7F4DCDB4-BE13-4BD9-9C9F-9959E3057E65}.Debug|Any CPU.Build.0 = Debug|Any CPU
		{7F4DCDB4-BE13-4BD9-9C9F-9959E3057E65}.Release|Any CPU.ActiveCfg = Release|Any CPU
		{7F4DCDB4-BE13-4BD9-9C9F-9959E3057E65}.Release|Any CPU.Build.0 = Release|Any CPU
		{38B96FB8-072F-48AC-99DD-E8910F6E36D9}.Debug|Any CPU.ActiveCfg = Debug|Any CPU
		{38B96FB8-072F-48AC-99DD-E8910F6E36D9}.Debug|Any CPU.Build.0 = Debug|Any CPU
		{38B96FB8-072F-48AC-99DD-E8910F6E36D9}.Release|Any CPU.ActiveCfg = Release|Any CPU
		{38B96FB8-072F-48AC-99DD-E8910F6E36D9}.Release|Any CPU.Build.0 = Release|Any CPU
		{AC8FDE4A-EA15-4FB8-A3B2-C759A4FADC7F}.Debug|Any CPU.ActiveCfg = Debug|Any CPU
		{AC8FDE4A-EA15-4FB8-A3B2-C759A4FADC7F}.Debug|Any CPU.Build.0 = Debug|Any CPU
		{AC8FDE4A-EA15-4FB8-A3B2-C759A4FADC7F}.Release|Any CPU.ActiveCfg = Release|Any CPU
		{AC8FDE4A-EA15-4FB8-A3B2-C759A4FADC7F}.Release|Any CPU.Build.0 = Release|Any CPU
		{49966C64-7A12-47CA-B746-7FC632DC7592}.Debug|Any CPU.ActiveCfg = Debug|Any CPU
		{49966C64-7A12-47CA-B746-7FC632DC7592}.Debug|Any CPU.Build.0 = Debug|Any CPU
		{49966C64-7A12-47CA-B746-7FC632DC7592}.Release|Any CPU.ActiveCfg = Release|Any CPU
		{49966C64-7A12-47CA-B746-7FC632DC7592}.Release|Any CPU.Build.0 = Release|Any CPU
		{30AD61B4-340C-4BBB-88BD-B22D83E2B179}.Debug|Any CPU.ActiveCfg = Debug|Any CPU
		{30AD61B4-340C-4BBB-88BD-B22D83E2B179}.Debug|Any CPU.Build.0 = Debug|Any CPU
		{30AD61B4-340C-4BBB-88BD-B22D83E2B179}.Release|Any CPU.ActiveCfg = Release|Any CPU
		{30AD61B4-340C-4BBB-88BD-B22D83E2B179}.Release|Any CPU.Build.0 = Release|Any CPU
		{473AFBDE-5429-4F86-968D-FDAD073585ED}.Debug|Any CPU.ActiveCfg = Debug|Any CPU
		{473AFBDE-5429-4F86-968D-FDAD073585ED}.Debug|Any CPU.Build.0 = Debug|Any CPU
		{473AFBDE-5429-4F86-968D-FDAD073585ED}.Release|Any CPU.ActiveCfg = Release|Any CPU
		{473AFBDE-5429-4F86-968D-FDAD073585ED}.Release|Any CPU.Build.0 = Release|Any CPU
		{9EDA2EB9-032A-4072-950E-D3BF1EB8BA4A}.Debug|Any CPU.ActiveCfg = Debug|Any CPU
		{9EDA2EB9-032A-4072-950E-D3BF1EB8BA4A}.Debug|Any CPU.Build.0 = Debug|Any CPU
		{9EDA2EB9-032A-4072-950E-D3BF1EB8BA4A}.Release|Any CPU.ActiveCfg = Release|Any CPU
		{9EDA2EB9-032A-4072-950E-D3BF1EB8BA4A}.Release|Any CPU.Build.0 = Release|Any CPU
		{FB4FDDE0-8031-4220-B613-7A7E6D575B13}.Debug|Any CPU.ActiveCfg = Debug|Any CPU
		{FB4FDDE0-8031-4220-B613-7A7E6D575B13}.Debug|Any CPU.Build.0 = Debug|Any CPU
		{FB4FDDE0-8031-4220-B613-7A7E6D575B13}.Release|Any CPU.ActiveCfg = Release|Any CPU
		{FB4FDDE0-8031-4220-B613-7A7E6D575B13}.Release|Any CPU.Build.0 = Release|Any CPU
		{E1EA875A-2865-45EC-9296-B278F5815DA9}.Debug|Any CPU.ActiveCfg = Debug|Any CPU
		{E1EA875A-2865-45EC-9296-B278F5815DA9}.Debug|Any CPU.Build.0 = Debug|Any CPU
		{E1EA875A-2865-45EC-9296-B278F5815DA9}.Release|Any CPU.ActiveCfg = Release|Any CPU
		{E1EA875A-2865-45EC-9296-B278F5815DA9}.Release|Any CPU.Build.0 = Release|Any CPU
		{5FE22FD2-943C-4D58-AD84-568F21F1D6FC}.Debug|Any CPU.ActiveCfg = Debug|Any CPU
		{5FE22FD2-943C-4D58-AD84-568F21F1D6FC}.Debug|Any CPU.Build.0 = Debug|Any CPU
		{5FE22FD2-943C-4D58-AD84-568F21F1D6FC}.Release|Any CPU.ActiveCfg = Release|Any CPU
		{5FE22FD2-943C-4D58-AD84-568F21F1D6FC}.Release|Any CPU.Build.0 = Release|Any CPU
		{304A01AA-5ACD-4228-8474-46590F50E4E2}.Debug|Any CPU.ActiveCfg = Debug|Any CPU
		{304A01AA-5ACD-4228-8474-46590F50E4E2}.Debug|Any CPU.Build.0 = Debug|Any CPU
		{304A01AA-5ACD-4228-8474-46590F50E4E2}.Release|Any CPU.ActiveCfg = Release|Any CPU
		{304A01AA-5ACD-4228-8474-46590F50E4E2}.Release|Any CPU.Build.0 = Release|Any CPU
		{FDFCFAC8-8074-48DE-A2E1-B8471D087901}.Debug|Any CPU.ActiveCfg = Debug|Any CPU
		{FDFCFAC8-8074-48DE-A2E1-B8471D087901}.Debug|Any CPU.Build.0 = Debug|Any CPU
		{FDFCFAC8-8074-48DE-A2E1-B8471D087901}.Release|Any CPU.ActiveCfg = Release|Any CPU
		{FDFCFAC8-8074-48DE-A2E1-B8471D087901}.Release|Any CPU.Build.0 = Release|Any CPU
		{B19984DC-E02F-4B64-9315-272060BF82EF}.Debug|Any CPU.ActiveCfg = Debug|Any CPU
		{B19984DC-E02F-4B64-9315-272060BF82EF}.Debug|Any CPU.Build.0 = Debug|Any CPU
		{B19984DC-E02F-4B64-9315-272060BF82EF}.Release|Any CPU.ActiveCfg = Release|Any CPU
		{B19984DC-E02F-4B64-9315-272060BF82EF}.Release|Any CPU.Build.0 = Release|Any CPU
		{41D4F132-2EB4-4575-8DEA-DFBC0D180073}.Debug|Any CPU.ActiveCfg = Debug|Any CPU
		{41D4F132-2EB4-4575-8DEA-DFBC0D180073}.Debug|Any CPU.Build.0 = Debug|Any CPU
		{41D4F132-2EB4-4575-8DEA-DFBC0D180073}.Release|Any CPU.ActiveCfg = Release|Any CPU
		{41D4F132-2EB4-4575-8DEA-DFBC0D180073}.Release|Any CPU.Build.0 = Release|Any CPU
		{F550EF5C-2A4C-409A-A770-3AEA8E161AA5}.Debug|Any CPU.ActiveCfg = Debug|Any CPU
		{F550EF5C-2A4C-409A-A770-3AEA8E161AA5}.Debug|Any CPU.Build.0 = Debug|Any CPU
		{F550EF5C-2A4C-409A-A770-3AEA8E161AA5}.Release|Any CPU.ActiveCfg = Release|Any CPU
		{F550EF5C-2A4C-409A-A770-3AEA8E161AA5}.Release|Any CPU.Build.0 = Release|Any CPU
		{A0C0BF36-3529-4FF2-9D1C-34E6439B6587}.Debug|Any CPU.ActiveCfg = Debug|Any CPU
		{A0C0BF36-3529-4FF2-9D1C-34E6439B6587}.Debug|Any CPU.Build.0 = Debug|Any CPU
		{A0C0BF36-3529-4FF2-9D1C-34E6439B6587}.Release|Any CPU.ActiveCfg = Release|Any CPU
		{A0C0BF36-3529-4FF2-9D1C-34E6439B6587}.Release|Any CPU.Build.0 = Release|Any CPU
		{01A042A7-5430-4280-B86B-8C6D207B2AD6}.Debug|Any CPU.ActiveCfg = Debug|Any CPU
		{01A042A7-5430-4280-B86B-8C6D207B2AD6}.Debug|Any CPU.Build.0 = Debug|Any CPU
		{01A042A7-5430-4280-B86B-8C6D207B2AD6}.Release|Any CPU.ActiveCfg = Release|Any CPU
		{01A042A7-5430-4280-B86B-8C6D207B2AD6}.Release|Any CPU.Build.0 = Release|Any CPU
		{83A5F69F-68B2-43C2-85A4-031FB3AF6567}.Debug|Any CPU.ActiveCfg = Debug|Any CPU
		{83A5F69F-68B2-43C2-85A4-031FB3AF6567}.Debug|Any CPU.Build.0 = Debug|Any CPU
		{83A5F69F-68B2-43C2-85A4-031FB3AF6567}.Release|Any CPU.ActiveCfg = Release|Any CPU
		{83A5F69F-68B2-43C2-85A4-031FB3AF6567}.Release|Any CPU.Build.0 = Release|Any CPU
		{BA16C116-FA82-469B-9296-2040A4B7D9D7}.Debug|Any CPU.ActiveCfg = Debug|Any CPU
		{BA16C116-FA82-469B-9296-2040A4B7D9D7}.Debug|Any CPU.Build.0 = Debug|Any CPU
		{BA16C116-FA82-469B-9296-2040A4B7D9D7}.Release|Any CPU.ActiveCfg = Release|Any CPU
		{BA16C116-FA82-469B-9296-2040A4B7D9D7}.Release|Any CPU.Build.0 = Release|Any CPU
		{43C0CB5C-C27A-4327-9385-CFA421B6CE43}.Debug|Any CPU.ActiveCfg = Debug|Any CPU
		{43C0CB5C-C27A-4327-9385-CFA421B6CE43}.Debug|Any CPU.Build.0 = Debug|Any CPU
		{43C0CB5C-C27A-4327-9385-CFA421B6CE43}.Release|Any CPU.ActiveCfg = Release|Any CPU
		{43C0CB5C-C27A-4327-9385-CFA421B6CE43}.Release|Any CPU.Build.0 = Release|Any CPU
		{8ABC1EBF-F1F1-49E0-8034-18F64CFA988E}.Debug|Any CPU.ActiveCfg = Debug|Any CPU
		{8ABC1EBF-F1F1-49E0-8034-18F64CFA988E}.Debug|Any CPU.Build.0 = Debug|Any CPU
		{8ABC1EBF-F1F1-49E0-8034-18F64CFA988E}.Release|Any CPU.ActiveCfg = Release|Any CPU
		{8ABC1EBF-F1F1-49E0-8034-18F64CFA988E}.Release|Any CPU.Build.0 = Release|Any CPU
		{48FDF1CA-28B2-403D-B308-17333FF519D6}.Debug|Any CPU.ActiveCfg = Debug|Any CPU
		{48FDF1CA-28B2-403D-B308-17333FF519D6}.Debug|Any CPU.Build.0 = Debug|Any CPU
		{48FDF1CA-28B2-403D-B308-17333FF519D6}.Release|Any CPU.ActiveCfg = Release|Any CPU
		{48FDF1CA-28B2-403D-B308-17333FF519D6}.Release|Any CPU.Build.0 = Release|Any CPU
		{0D33BAE2-46AE-418E-9F3C-9BFAE1BC1BF2}.Debug|Any CPU.ActiveCfg = Debug|Any CPU
		{0D33BAE2-46AE-418E-9F3C-9BFAE1BC1BF2}.Debug|Any CPU.Build.0 = Debug|Any CPU
		{0D33BAE2-46AE-418E-9F3C-9BFAE1BC1BF2}.Release|Any CPU.ActiveCfg = Release|Any CPU
		{0D33BAE2-46AE-418E-9F3C-9BFAE1BC1BF2}.Release|Any CPU.Build.0 = Release|Any CPU
		{D6785D1C-F41E-4117-A842-466FFA9F2913}.Debug|Any CPU.ActiveCfg = Debug|Any CPU
		{D6785D1C-F41E-4117-A842-466FFA9F2913}.Debug|Any CPU.Build.0 = Debug|Any CPU
		{D6785D1C-F41E-4117-A842-466FFA9F2913}.Release|Any CPU.ActiveCfg = Release|Any CPU
		{D6785D1C-F41E-4117-A842-466FFA9F2913}.Release|Any CPU.Build.0 = Release|Any CPU
		{DFB5B63B-F413-4AC0-9480-36410D9735DA}.Debug|Any CPU.ActiveCfg = Debug|Any CPU
		{DFB5B63B-F413-4AC0-9480-36410D9735DA}.Debug|Any CPU.Build.0 = Debug|Any CPU
		{DFB5B63B-F413-4AC0-9480-36410D9735DA}.Release|Any CPU.ActiveCfg = Release|Any CPU
		{DFB5B63B-F413-4AC0-9480-36410D9735DA}.Release|Any CPU.Build.0 = Release|Any CPU
	EndGlobalSection
	GlobalSection(SolutionProperties) = preSolution
		HideSolutionNode = FALSE
	EndGlobalSection
	GlobalSection(NestedProjects) = preSolution
		{43C0CB5C-C27A-4327-9385-CFA421B6CE43} = {118F1C2F-08AC-4DBE-8E84-77C4F894E3DD}
		{DFB5B63B-F413-4AC0-9480-36410D9735DA} = {118F1C2F-08AC-4DBE-8E84-77C4F894E3DD}
	EndGlobalSection
	GlobalSection(ExtensibilityGlobals) = postSolution
		EnterpriseLibraryConfigurationToolBinariesPathV6 = packages\EnterpriseLibrary.TransientFaultHandling.6.0.1304.0\lib\portable-net45+win+wp8;packages\EnterpriseLibrary.TransientFaultHandling.Data.6.0.1304.1\lib\NET45
	EndGlobalSection
EndGlobal
