
Microsoft Visual Studio Solution File, Format Version 12.00
# Visual Studio 14
VisualStudioVersion = 14.0.23107.0
MinimumVisualStudioVersion = 10.0.40219.1
Project("{FAE04EC0-301F-11D3-BF4B-00C04F79EFBC}") = "JB2Common", "JB2Common\JB2Common.csproj", "{EF5BDC83-9C62-4AB5-AEE1-08BBC073610D}"
EndProject
Project("{FAE04EC0-301F-11D3-BF4B-00C04F79EFBC}") = "Common.Web", "Common.Web\Common.Web.csproj", "{4F44BFFB-6298-4EE2-AF0C-2600EB3B7479}"
EndProject
Project("{FAE04EC0-301F-11D3-BF4B-00C04F79EFBC}") = "JB2.Gravatar", "JB2.Gravatar\JB2.Gravatar.csproj", "{D6B5C3A2-27B1-4F02-BCAE-42364BD9C1B7}"
EndProject
Project("{FAE04EC0-301F-11D3-BF4B-00C04F79EFBC}") = "JB2.Common.Date", "JB2.Common.Date\JB2.Common.Date.csproj", "{3F3B616B-80F8-4CFD-9296-B8D677DEDBD9}"
EndProject
Project("{FAE04EC0-301F-11D3-BF4B-00C04F79EFBC}") = "JB2.Common.Data", "JB2.Common.Data\JB2.Common.Data.csproj", "{BED87119-B1C5-489D-AB31-5A78CF61C056}"
EndProject
Project("{FAE04EC0-301F-11D3-BF4B-00C04F79EFBC}") = "JB2.GoogleAnalytics", "JB2.GoogleAnalytics\JB2.GoogleAnalytics.csproj", "{7F4DCDB4-BE13-4BD9-9C9F-9959E3057E65}"
EndProject
Global
	GlobalSection(SolutionConfigurationPlatforms) = preSolution
		Debug|Any CPU = Debug|Any CPU
		Release|Any CPU = Release|Any CPU
	EndGlobalSection
	GlobalSection(ProjectConfigurationPlatforms) = postSolution
		{EF5BDC83-9C62-4AB5-AEE1-08BBC073610D}.Debug|Any CPU.ActiveCfg = Debug|Any CPU
		{EF5BDC83-9C62-4AB5-AEE1-08BBC073610D}.Debug|Any CPU.Build.0 = Debug|Any CPU
		{EF5BDC83-9C62-4AB5-AEE1-08BBC073610D}.Release|Any CPU.ActiveCfg = Release|Any CPU
		{EF5BDC83-9C62-4AB5-AEE1-08BBC073610D}.Release|Any CPU.Build.0 = Release|Any CPU
		{4F44BFFB-6298-4EE2-AF0C-2600EB3B7479}.Debug|Any CPU.ActiveCfg = Debug|Any CPU
		{4F44BFFB-6298-4EE2-AF0C-2600EB3B7479}.Debug|Any CPU.Build.0 = Debug|Any CPU
		{4F44BFFB-6298-4EE2-AF0C-2600EB3B7479}.Release|Any CPU.ActiveCfg = Release|Any CPU
		{4F44BFFB-6298-4EE2-AF0C-2600EB3B7479}.Release|Any CPU.Build.0 = Release|Any CPU
		{D6B5C3A2-27B1-4F02-BCAE-42364BD9C1B7}.Debug|Any CPU.ActiveCfg = Debug|Any CPU
		{D6B5C3A2-27B1-4F02-BCAE-42364BD9C1B7}.Debug|Any CPU.Build.0 = Debug|Any CPU
		{D6B5C3A2-27B1-4F02-BCAE-42364BD9C1B7}.Release|Any CPU.ActiveCfg = Release|Any CPU
		{D6B5C3A2-27B1-4F02-BCAE-42364BD9C1B7}.Release|Any CPU.Build.0 = Release|Any CPU
		{3F3B616B-80F8-4CFD-9296-B8D677DEDBD9}.Debug|Any CPU.ActiveCfg = Debug|Any CPU
		{3F3B616B-80F8-4CFD-9296-B8D677DEDBD9}.Debug|Any CPU.Build.0 = Debug|Any CPU
		{3F3B616B-80F8-4CFD-9296-B8D677DEDBD9}.Release|Any CPU.ActiveCfg = Release|Any CPU
		{3F3B616B-80F8-4CFD-9296-B8D677DEDBD9}.Release|Any CPU.Build.0 = Release|Any CPU
		{BED87119-B1C5-489D-AB31-5A78CF61C056}.Debug|Any CPU.ActiveCfg = Debug|Any CPU
		{BED87119-B1C5-489D-AB31-5A78CF61C056}.Debug|Any CPU.Build.0 = Debug|Any CPU
		{BED87119-B1C5-489D-AB31-5A78CF61C056}.Release|Any CPU.ActiveCfg = Release|Any CPU
		{BED87119-B1C5-489D-AB31-5A78CF61C056}.Release|Any CPU.Build.0 = Release|Any CPU
		{7F4DCDB4-BE13-4BD9-9C9F-9959E3057E65}.Debug|Any CPU.ActiveCfg = Debug|Any CPU
		{7F4DCDB4-BE13-4BD9-9C9F-9959E3057E65}.Debug|Any CPU.Build.0 = Debug|Any CPU
		{7F4DCDB4-BE13-4BD9-9C9F-9959E3057E65}.Release|Any CPU.ActiveCfg = Release|Any CPU
		{7F4DCDB4-BE13-4BD9-9C9F-9959E3057E65}.Release|Any CPU.Build.0 = Release|Any CPU
	EndGlobalSection
	GlobalSection(SolutionProperties) = preSolution
		HideSolutionNode = FALSE
	EndGlobalSection
EndGlobal
