
Microsoft Visual Studio Solution File, Format Version 12.00
# Visual Studio 2013
VisualStudioVersion = 12.0.30501.0
MinimumVisualStudioVersion = 10.0.40219.1
Project("{FAE04EC0-301F-11D3-BF4B-00C04F79EFBC}") = "JB2.OAuthServer", "JB2.OAuthServer\JB2.OAuthServer.csproj", "{CFA2BEBB-D70A-40DD-ACF3-5D265DF78B43}"
EndProject
Project("{FAE04EC0-301F-11D3-BF4B-00C04F79EFBC}") = "JB2.OAuth.Client.ConsoleTest", "JB2.OAuth.Client.ConsoleTest\JB2.OAuth.Client.ConsoleTest.csproj", "{ABA8E82D-AF9C-4257-97F2-4CC04A2CF4AB}"
EndProject
Project("{FAE04EC0-301F-11D3-BF4B-00C04F79EFBC}") = "JB2.AuthorizationServer", "JB2.AuthorizationServer\JB2.AuthorizationServer.csproj", "{048AC7A7-BEF7-47F0-91C5-C69D692E1909}"
EndProject
Project("{FAE04EC0-301F-11D3-BF4B-00C04F79EFBC}") = "Constrants", "Constrants\Constrants.csproj", "{592208EC-369D-42BD-B42D-8D3EE547BDCA}"
EndProject
Project("{FAE04EC0-301F-11D3-BF4B-00C04F79EFBC}") = "ResourceServer", "ResourceServer\ResourceServer.csproj", "{332481E0-4AA5-487B-8EEC-3FDCBBF40F8F}"
EndProject
Project("{FAE04EC0-301F-11D3-BF4B-00C04F79EFBC}") = "WebApp-AuthTest", "WebApp-AuthTest\WebApp-AuthTest.csproj", "{ABB2823E-3C21-4650-A466-71DAEF85DAA8}"
EndProject
Project("{FAE04EC0-301F-11D3-BF4B-00C04F79EFBC}") = "JB2.Login", "JB2.Login\JB2.Login.csproj", "{295FA71C-14F9-4CC5-BFFB-0580DE5DDFC8}"
EndProject
Project("{2150E333-8FDC-42A3-9474-1A3956D46DE8}") = "Class Lib", "Class Lib", "{A604146B-88DF-4E47-A1D4-DE939E7929C1}"
EndProject
Project("{2150E333-8FDC-42A3-9474-1A3956D46DE8}") = "Tests", "Tests", "{FD514B8B-E46E-433B-870C-10F300952607}"
EndProject
Global
	GlobalSection(SolutionConfigurationPlatforms) = preSolution
		Debug|Any CPU = Debug|Any CPU
		Release|Any CPU = Release|Any CPU
	EndGlobalSection
	GlobalSection(ProjectConfigurationPlatforms) = postSolution
		{CFA2BEBB-D70A-40DD-ACF3-5D265DF78B43}.Debug|Any CPU.ActiveCfg = Debug|Any CPU
		{CFA2BEBB-D70A-40DD-ACF3-5D265DF78B43}.Debug|Any CPU.Build.0 = Debug|Any CPU
		{CFA2BEBB-D70A-40DD-ACF3-5D265DF78B43}.Release|Any CPU.ActiveCfg = Release|Any CPU
		{CFA2BEBB-D70A-40DD-ACF3-5D265DF78B43}.Release|Any CPU.Build.0 = Release|Any CPU
		{ABA8E82D-AF9C-4257-97F2-4CC04A2CF4AB}.Debug|Any CPU.ActiveCfg = Debug|Any CPU
		{ABA8E82D-AF9C-4257-97F2-4CC04A2CF4AB}.Debug|Any CPU.Build.0 = Debug|Any CPU
		{ABA8E82D-AF9C-4257-97F2-4CC04A2CF4AB}.Release|Any CPU.ActiveCfg = Release|Any CPU
		{ABA8E82D-AF9C-4257-97F2-4CC04A2CF4AB}.Release|Any CPU.Build.0 = Release|Any CPU
		{048AC7A7-BEF7-47F0-91C5-C69D692E1909}.Debug|Any CPU.ActiveCfg = Debug|Any CPU
		{048AC7A7-BEF7-47F0-91C5-C69D692E1909}.Debug|Any CPU.Build.0 = Debug|Any CPU
		{048AC7A7-BEF7-47F0-91C5-C69D692E1909}.Release|Any CPU.ActiveCfg = Release|Any CPU
		{048AC7A7-BEF7-47F0-91C5-C69D692E1909}.Release|Any CPU.Build.0 = Release|Any CPU
		{592208EC-369D-42BD-B42D-8D3EE547BDCA}.Debug|Any CPU.ActiveCfg = Debug|Any CPU
		{592208EC-369D-42BD-B42D-8D3EE547BDCA}.Debug|Any CPU.Build.0 = Debug|Any CPU
		{592208EC-369D-42BD-B42D-8D3EE547BDCA}.Release|Any CPU.ActiveCfg = Release|Any CPU
		{592208EC-369D-42BD-B42D-8D3EE547BDCA}.Release|Any CPU.Build.0 = Release|Any CPU
		{332481E0-4AA5-487B-8EEC-3FDCBBF40F8F}.Debug|Any CPU.ActiveCfg = Debug|Any CPU
		{332481E0-4AA5-487B-8EEC-3FDCBBF40F8F}.Debug|Any CPU.Build.0 = Debug|Any CPU
		{332481E0-4AA5-487B-8EEC-3FDCBBF40F8F}.Release|Any CPU.ActiveCfg = Release|Any CPU
		{332481E0-4AA5-487B-8EEC-3FDCBBF40F8F}.Release|Any CPU.Build.0 = Release|Any CPU
		{ABB2823E-3C21-4650-A466-71DAEF85DAA8}.Debug|Any CPU.ActiveCfg = Debug|Any CPU
		{ABB2823E-3C21-4650-A466-71DAEF85DAA8}.Debug|Any CPU.Build.0 = Debug|Any CPU
		{ABB2823E-3C21-4650-A466-71DAEF85DAA8}.Release|Any CPU.ActiveCfg = Release|Any CPU
		{ABB2823E-3C21-4650-A466-71DAEF85DAA8}.Release|Any CPU.Build.0 = Release|Any CPU
		{295FA71C-14F9-4CC5-BFFB-0580DE5DDFC8}.Debug|Any CPU.ActiveCfg = Debug|Any CPU
		{295FA71C-14F9-4CC5-BFFB-0580DE5DDFC8}.Debug|Any CPU.Build.0 = Debug|Any CPU
		{295FA71C-14F9-4CC5-BFFB-0580DE5DDFC8}.Release|Any CPU.ActiveCfg = Release|Any CPU
		{295FA71C-14F9-4CC5-BFFB-0580DE5DDFC8}.Release|Any CPU.Build.0 = Release|Any CPU
	EndGlobalSection
	GlobalSection(SolutionProperties) = preSolution
		HideSolutionNode = FALSE
	EndGlobalSection
	GlobalSection(NestedProjects) = preSolution
		{592208EC-369D-42BD-B42D-8D3EE547BDCA} = {A604146B-88DF-4E47-A1D4-DE939E7929C1}
		{ABB2823E-3C21-4650-A466-71DAEF85DAA8} = {FD514B8B-E46E-433B-870C-10F300952607}
		{295FA71C-14F9-4CC5-BFFB-0580DE5DDFC8} = {A604146B-88DF-4E47-A1D4-DE939E7929C1}
	EndGlobalSection
EndGlobal
